// !$*UTF8*$!
{
	archiveVersion = 1;
	classes = {
	};
	objectVersion = 56;
	objects = {

/* Begin PBXBuildFile section */
		45775A96CBC7614D2EBE0424 /* Pods_HJOpenAds.framework in Frameworks */ = {isa = PBXBuildFile; fileRef = 541652290262BF608E8126D3 /* Pods_HJOpenAds.framework */; };
		5910B3952C13471700308F26 /* HJNativeAdView.m in Sources */ = {isa = PBXBuildFile; fileRef = 5910B3942C13471700308F26 /* HJNativeAdView.m */; };
		5910B3982C135CBB00308F26 /* HJNativeAd.m in Sources */ = {isa = PBXBuildFile; fileRef = 5910B3972C135CBB00308F26 /* HJNativeAd.m */; };
		5910B39B2C13702F00308F26 /* HJNativeAdsManager.m in Sources */ = {isa = PBXBuildFile; fileRef = 5910B39A2C13702F00308F26 /* HJNativeAdsManager.m */; };
		5910B39F2C13811B00308F26 /* HJBannerView.m in Sources */ = {isa = PBXBuildFile; fileRef = 5910B39E2C13811B00308F26 /* HJBannerView.m */; };
		59690BB42C06ECD00029F408 /* HJAdsSdk.m in Sources */ = {isa = PBXBuildFile; fileRef = 59690B9B2C06ECD00029F408 /* HJAdsSdk.m */; };
		59690BB52C06ECD00029F408 /* HJAdsSdkSplash.m in Sources */ = {isa = PBXBuildFile; fileRef = 59690B9E2C06ECD00029F408 /* HJAdsSdkSplash.m */; };
		59690BB62C06ECD00029F408 /* HJAdsSdkInterstitial.m in Sources */ = {isa = PBXBuildFile; fileRef = 59690BA22C06ECD00029F408 /* HJAdsSdkInterstitial.m */; };
		59690BB72C06ECD00029F408 /* HuijingAdPreviously.m in Sources */ = {isa = PBXBuildFile; fileRef = 59690BA52C06ECD00029F408 /* HuijingAdPreviously.m */; };
		59690BB82C06ECD00029F408 /* HJAdsRequest.m in Sources */ = {isa = PBXBuildFile; fileRef = 59690BA82C06ECD00029F408 /* HJAdsRequest.m */; };
		59690BB92C06ECD00029F408 /* HJAdSdkHttp.m in Sources */ = {isa = PBXBuildFile; fileRef = 59690BAC2C06ECD00029F408 /* HJAdSdkHttp.m */; };
		59690BBA2C06ECD00029F408 /* HJAdsSdkReward.m in Sources */ = {isa = PBXBuildFile; fileRef = 59690BAF2C06ECD00029F408 /* HJAdsSdkReward.m */; };
		59690BBB2C06ECD00029F408 /* HJAdDto.m in Sources */ = {isa = PBXBuildFile; fileRef = 59690BB22C06ECD00029F408 /* HJAdDto.m */; };
		59690BBC2C06ECD00029F408 /* HJStorage.m in Sources */ = {isa = PBXBuildFile; fileRef = 59690BB32C06ECD00029F408 /* HJStorage.m */; };
/* End PBXBuildFile section */

/* Begin PBXCopyFilesBuildPhase section */
		59690B8B2C06E9C70029F408 /* CopyFiles */ = {
			isa = PBXCopyFilesBuildPhase;
			buildActionMask = 2147483647;
			dstPath = "include/$(PRODUCT_NAME)";
			dstSubfolderSpec = 16;
			files = (
			);
			runOnlyForDeploymentPostprocessing = 0;
		};
/* End PBXCopyFilesBuildPhase section */

/* Begin PBXFileReference section */
		541652290262BF608E8126D3 /* Pods_HJOpenAds.framework */ = {isa = PBXFileReference; explicitFileType = wrapper.framework; includeInIndex = 0; path = Pods_HJOpenAds.framework; sourceTree = BUILT_PRODUCTS_DIR; };
		5910B3932C13468900308F26 /* HJNativeAdView.h */ = {isa = PBXFileReference; lastKnownFileType = sourcecode.c.h; path = HJNativeAdView.h; sourceTree = "<group>"; };
		5910B3942C13471700308F26 /* HJNativeAdView.m */ = {isa = PBXFileReference; lastKnownFileType = sourcecode.c.objc; path = HJNativeAdView.m; sourceTree = "<group>"; };
		5910B3962C135CA900308F26 /* HJNativeAd.h */ = {isa = PBXFileReference; lastKnownFileType = sourcecode.c.h; path = HJNativeAd.h; sourceTree = "<group>"; };
		5910B3972C135CBB00308F26 /* HJNativeAd.m */ = {isa = PBXFileReference; lastKnownFileType = sourcecode.c.objc; path = HJNativeAd.m; sourceTree = "<group>"; };
		5910B3992C136FA600308F26 /* HJNativeAdsManager.h */ = {isa = PBXFileReference; lastKnownFileType = sourcecode.c.h; path = HJNativeAdsManager.h; sourceTree = "<group>"; };
		5910B39A2C13702F00308F26 /* HJNativeAdsManager.m */ = {isa = PBXFileReference; lastKnownFileType = sourcecode.c.objc; path = HJNativeAdsManager.m; sourceTree = "<group>"; };
		5910B39D2C13810900308F26 /* HJBannerView.h */ = {isa = PBXFileReference; lastKnownFileType = sourcecode.c.h; path = HJBannerView.h; sourceTree = "<group>"; };
		5910B39E2C13811B00308F26 /* HJBannerView.m */ = {isa = PBXFileReference; lastKnownFileType = sourcecode.c.objc; path = HJBannerView.m; sourceTree = "<group>"; };
		59690B8D2C06E9C70029F408 /* libHJOpenAds.a */ = {isa = PBXFileReference; explicitFileType = archive.ar; includeInIndex = 0; path = libHJOpenAds.a; sourceTree = BUILT_PRODUCTS_DIR; };
		59690B9B2C06ECD00029F408 /* HJAdsSdk.m */ = {isa = PBXFileReference; fileEncoding = 4; lastKnownFileType = sourcecode.c.objc; path = HJAdsSdk.m; sourceTree = "<group>"; };
		59690B9D2C06ECD00029F408 /* HJAdsSdkSplash.h */ = {isa = PBXFileReference; fileEncoding = 4; lastKnownFileType = sourcecode.c.h; path = HJAdsSdkSplash.h; sourceTree = "<group>"; };
		59690B9E2C06ECD00029F408 /* HJAdsSdkSplash.m */ = {isa = PBXFileReference; fileEncoding = 4; lastKnownFileType = sourcecode.c.objc; path = HJAdsSdkSplash.m; sourceTree = "<group>"; };
		59690B9F2C06ECD00029F408 /* HuijingAdPreviously.h */ = {isa = PBXFileReference; fileEncoding = 4; lastKnownFileType = sourcecode.c.h; path = HuijingAdPreviously.h; sourceTree = "<group>"; };
		59690BA12C06ECD00029F408 /* HJAdsSdkInterstitial.h */ = {isa = PBXFileReference; fileEncoding = 4; lastKnownFileType = sourcecode.c.h; path = HJAdsSdkInterstitial.h; sourceTree = "<group>"; };
		59690BA22C06ECD00029F408 /* HJAdsSdkInterstitial.m */ = {isa = PBXFileReference; fileEncoding = 4; lastKnownFileType = sourcecode.c.objc; path = HJAdsSdkInterstitial.m; sourceTree = "<group>"; };
		59690BA32C06ECD00029F408 /* HJAdsOpen.h */ = {isa = PBXFileReference; fileEncoding = 4; lastKnownFileType = sourcecode.c.h; path = HJAdsOpen.h; sourceTree = "<group>"; };
		59690BA42C06ECD00029F408 /* HJStorage.h */ = {isa = PBXFileReference; fileEncoding = 4; lastKnownFileType = sourcecode.c.h; path = HJStorage.h; sourceTree = "<group>"; };
		59690BA52C06ECD00029F408 /* HuijingAdPreviously.m */ = {isa = PBXFileReference; fileEncoding = 4; lastKnownFileType = sourcecode.c.objc; path = HuijingAdPreviously.m; sourceTree = "<group>"; };
		59690BA62C06ECD00029F408 /* HJAdsSdk.h */ = {isa = PBXFileReference; fileEncoding = 4; lastKnownFileType = sourcecode.c.h; path = HJAdsSdk.h; sourceTree = "<group>"; };
		59690BA82C06ECD00029F408 /* HJAdsRequest.m */ = {isa = PBXFileReference; fileEncoding = 4; lastKnownFileType = sourcecode.c.objc; path = HJAdsRequest.m; sourceTree = "<group>"; };
		59690BA92C06ECD00029F408 /* HJAdsRequest.h */ = {isa = PBXFileReference; fileEncoding = 4; lastKnownFileType = sourcecode.c.h; path = HJAdsRequest.h; sourceTree = "<group>"; };
		59690BAB2C06ECD00029F408 /* HJAdSdkHttp.h */ = {isa = PBXFileReference; fileEncoding = 4; lastKnownFileType = sourcecode.c.h; path = HJAdSdkHttp.h; sourceTree = "<group>"; };
		59690BAC2C06ECD00029F408 /* HJAdSdkHttp.m */ = {isa = PBXFileReference; fileEncoding = 4; lastKnownFileType = sourcecode.c.objc; path = HJAdSdkHttp.m; sourceTree = "<group>"; };
		59690BAE2C06ECD00029F408 /* HJAdsSdkReward.h */ = {isa = PBXFileReference; fileEncoding = 4; lastKnownFileType = sourcecode.c.h; path = HJAdsSdkReward.h; sourceTree = "<group>"; };
		59690BAF2C06ECD00029F408 /* HJAdsSdkReward.m */ = {isa = PBXFileReference; fileEncoding = 4; lastKnownFileType = sourcecode.c.objc; path = HJAdsSdkReward.m; sourceTree = "<group>"; };
		59690BB12C06ECD00029F408 /* HJAdDto.h */ = {isa = PBXFileReference; fileEncoding = 4; lastKnownFileType = sourcecode.c.h; path = HJAdDto.h; sourceTree = "<group>"; };
		59690BB22C06ECD00029F408 /* HJAdDto.m */ = {isa = PBXFileReference; fileEncoding = 4; lastKnownFileType = sourcecode.c.objc; path = HJAdDto.m; sourceTree = "<group>"; };
		59690BB32C06ECD00029F408 /* HJStorage.m */ = {isa = PBXFileReference; fileEncoding = 4; lastKnownFileType = sourcecode.c.objc; path = HJStorage.m; sourceTree = "<group>"; };
		7AD1A16F243283A4A03F5035 /* Pods-HJOpenAds.debug.xcconfig */ = {isa = PBXFileReference; includeInIndex = 1; lastKnownFileType = text.xcconfig; name = "Pods-HJOpenAds.debug.xcconfig"; path = "Target Support Files/Pods-HJOpenAds/Pods-HJOpenAds.debug.xcconfig"; sourceTree = "<group>"; };
		93AB903277252A9F82283629 /* Pods-HJOpenAds.release.xcconfig */ = {isa = PBXFileReference; includeInIndex = 1; lastKnownFileType = text.xcconfig; name = "Pods-HJOpenAds.release.xcconfig"; path = "Target Support Files/Pods-HJOpenAds/Pods-HJOpenAds.release.xcconfig"; sourceTree = "<group>"; };
/* End PBXFileReference section */

/* Begin PBXFrameworksBuildPhase section */
		59690B8A2C06E9C70029F408 /* Frameworks */ = {
			isa = PBXFrameworksBuildPhase;
			buildActionMask = 2147483647;
			files = (
				45775A96CBC7614D2EBE0424 /* Pods_HJOpenAds.framework in Frameworks */,
			);
			runOnlyForDeploymentPostprocessing = 0;
		};
/* End PBXFrameworksBuildPhase section */

/* Begin PBXGroup section */
		559B6E6886AFFE32FD17E380 /* Frameworks */ = {
			isa = PBXGroup;
			children = (
				541652290262BF608E8126D3 /* Pods_HJOpenAds.framework */,
			);
			name = Frameworks;
			sourceTree = "<group>";
		};
		5910B3912C1345DF00308F26 /* NativeAd */ = {
			isa = PBXGroup;
			children = (
				5910B3932C13468900308F26 /* HJNativeAdView.h */,
				5910B3942C13471700308F26 /* HJNativeAdView.m */,
				5910B3962C135CA900308F26 /* HJNativeAd.h */,
				5910B3972C135CBB00308F26 /* HJNativeAd.m */,
				5910B3992C136FA600308F26 /* HJNativeAdsManager.h */,
				5910B39A2C13702F00308F26 /* HJNativeAdsManager.m */,
			);
			path = NativeAd;
			sourceTree = "<group>";
		};
		5910B39C2C13809E00308F26 /* Banner */ = {
			isa = PBXGroup;
			children = (
				5910B39D2C13810900308F26 /* HJBannerView.h */,
				5910B39E2C13811B00308F26 /* HJBannerView.m */,
			);
			path = Banner;
			sourceTree = "<group>";
		};
		59690B842C06E9C70029F408 = {
			isa = PBXGroup;
			children = (
				59690B8F2C06E9C70029F408 /* HJOpenAds */,
				59690B8E2C06E9C70029F408 /* Products */,
				FC9869E655E37FD871A5B530 /* Pods */,
				559B6E6886AFFE32FD17E380 /* Frameworks */,
			);
			sourceTree = "<group>";
		};
		59690B8E2C06E9C70029F408 /* Products */ = {
			isa = PBXGroup;
			children = (
				59690B8D2C06E9C70029F408 /* libHJOpenAds.a */,
			);
			name = Products;
			sourceTree = "<group>";
		};
		59690B8F2C06E9C70029F408 /* HJOpenAds */ = {
			isa = PBXGroup;
			children = (
				59690B9A2C06ECD00029F408 /* sdk */,
			);
			path = HJOpenAds;
			sourceTree = "<group>";
		};
		59690B9A2C06ECD00029F408 /* sdk */ = {
			isa = PBXGroup;
			children = (
				5910B39C2C13809E00308F26 /* Banner */,
				59690BB02C06ECD00029F408 /* domain */,
				59690BBD2C06ECDC0029F408 /* Headers */,
				59690BA62C06ECD00029F408 /* HJAdsSdk.h */,
				59690B9B2C06ECD00029F408 /* HJAdsSdk.m */,
				59690BA42C06ECD00029F408 /* HJStorage.h */,
				59690BB32C06ECD00029F408 /* HJStorage.m */,
				59690BAA2C06ECD00029F408 /* http */,
				59690B9F2C06ECD00029F408 /* HuijingAdPreviously.h */,
				59690BA52C06ECD00029F408 /* HuijingAdPreviously.m */,
				59690BA02C06ECD00029F408 /* Interstitial */,
				5910B3912C1345DF00308F26 /* NativeAd */,
				59690BA72C06ECD00029F408 /* req */,
				59690BAD2C06ECD00029F408 /* reward */,
				59690B9C2C06ECD00029F408 /* splash */,
			);
			path = sdk;
			sourceTree = "<group>";
		};
		59690B9C2C06ECD00029F408 /* splash */ = {
			isa = PBXGroup;
			children = (
				59690B9D2C06ECD00029F408 /* HJAdsSdkSplash.h */,
				59690B9E2C06ECD00029F408 /* HJAdsSdkSplash.m */,
			);
			path = splash;
			sourceTree = "<group>";
		};
		59690BA02C06ECD00029F408 /* Interstitial */ = {
			isa = PBXGroup;
			children = (
				59690BA12C06ECD00029F408 /* HJAdsSdkInterstitial.h */,
				59690BA22C06ECD00029F408 /* HJAdsSdkInterstitial.m */,
			);
			path = Interstitial;
			sourceTree = "<group>";
		};
		59690BA72C06ECD00029F408 /* req */ = {
			isa = PBXGroup;
			children = (
				59690BA82C06ECD00029F408 /* HJAdsRequest.m */,
				59690BA92C06ECD00029F408 /* HJAdsRequest.h */,
			);
			path = req;
			sourceTree = "<group>";
		};
		59690BAA2C06ECD00029F408 /* http */ = {
			isa = PBXGroup;
			children = (
				59690BAB2C06ECD00029F408 /* HJAdSdkHttp.h */,
				59690BAC2C06ECD00029F408 /* HJAdSdkHttp.m */,
			);
			path = http;
			sourceTree = "<group>";
		};
		59690BAD2C06ECD00029F408 /* reward */ = {
			isa = PBXGroup;
			children = (
				59690BAE2C06ECD00029F408 /* HJAdsSdkReward.h */,
				59690BAF2C06ECD00029F408 /* HJAdsSdkReward.m */,
			);
			path = reward;
			sourceTree = "<group>";
		};
		59690BB02C06ECD00029F408 /* domain */ = {
			isa = PBXGroup;
			children = (
				59690BB12C06ECD00029F408 /* HJAdDto.h */,
				59690BB22C06ECD00029F408 /* HJAdDto.m */,
			);
			path = domain;
			sourceTree = "<group>";
		};
		59690BBD2C06ECDC0029F408 /* Headers */ = {
			isa = PBXGroup;
			children = (
				59690BA32C06ECD00029F408 /* HJAdsOpen.h */,
			);
			path = Headers;
			sourceTree = "<group>";
		};
		FC9869E655E37FD871A5B530 /* Pods */ = {
			isa = PBXGroup;
			children = (
				7AD1A16F243283A4A03F5035 /* Pods-HJOpenAds.debug.xcconfig */,
				93AB903277252A9F82283629 /* Pods-HJOpenAds.release.xcconfig */,
			);
			path = Pods;
			sourceTree = "<group>";
		};
/* End PBXGroup section */

/* Begin PBXNativeTarget section */
		59690B8C2C06E9C70029F408 /* HJOpenAds */ = {
			isa = PBXNativeTarget;
			buildConfigurationList = 59690B962C06E9C70029F408 /* Build configuration list for PBXNativeTarget "HJOpenAds" */;
			buildPhases = (
				625C7384DA05B4819BAB2D6D /* [CP] Check Pods Manifest.lock */,
				59690B892C06E9C70029F408 /* Sources */,
				59690B8A2C06E9C70029F408 /* Frameworks */,
				59690B8B2C06E9C70029F408 /* CopyFiles */,
			);
			buildRules = (
			);
			dependencies = (
			);
			name = HJOpenAds;
			productName = HJOpenAds;
			productReference = 59690B8D2C06E9C70029F408 /* libHJOpenAds.a */;
			productType = "com.apple.product-type.library.static";
		};
/* End PBXNativeTarget section */

/* Begin PBXProject section */
		59690B852C06E9C70029F408 /* Project object */ = {
			isa = PBXProject;
			attributes = {
				BuildIndependentTargetsInParallel = 1;
				LastUpgradeCheck = 1520;
				TargetAttributes = {
					59690B8C2C06E9C70029F408 = {
						CreatedOnToolsVersion = 15.2;
					};
				};
			};
			buildConfigurationList = 59690B882C06E9C70029F408 /* Build configuration list for PBXProject "HJOpenAds" */;
			compatibilityVersion = "Xcode 14.0";
			developmentRegion = en;
			hasScannedForEncodings = 0;
			knownRegions = (
				en,
				Base,
			);
			mainGroup = 59690B842C06E9C70029F408;
			productRefGroup = 59690B8E2C06E9C70029F408 /* Products */;
			projectDirPath = "";
			projectRoot = "";
			targets = (
				59690B8C2C06E9C70029F408 /* HJOpenAds */,
			);
		};
/* End PBXProject section */

/* Begin PBXShellScriptBuildPhase section */
		625C7384DA05B4819BAB2D6D /* [CP] Check Pods Manifest.lock */ = {
			isa = PBXShellScriptBuildPhase;
			buildActionMask = 2147483647;
			files = (
			);
			inputFileListPaths = (
			);
			inputPaths = (
				"${PODS_PODFILE_DIR_PATH}/Podfile.lock",
				"${PODS_ROOT}/Manifest.lock",
			);
			name = "[CP] Check Pods Manifest.lock";
			outputFileListPaths = (
			);
			outputPaths = (
				"$(DERIVED_FILE_DIR)/Pods-HJOpenAds-checkManifestLockResult.txt",
			);
			runOnlyForDeploymentPostprocessing = 0;
			shellPath = /bin/sh;
			shellScript = "diff \"${PODS_PODFILE_DIR_PATH}/Podfile.lock\" \"${PODS_ROOT}/Manifest.lock\" > /dev/null\nif [ $? != 0 ] ; then\n    # print error to STDERR\n    echo \"error: The sandbox is not in sync with the Podfile.lock. Run 'pod install' or update your CocoaPods installation.\" >&2\n    exit 1\nfi\n# This output is used by Xcode 'outputs' to avoid re-running this script phase.\necho \"SUCCESS\" > \"${SCRIPT_OUTPUT_FILE_0}\"\n";
			showEnvVarsInLog = 0;
		};
/* End PBXShellScriptBuildPhase section */

/* Begin PBXSourcesBuildPhase section */
		59690B892C06E9C70029F408 /* Sources */ = {
			isa = PBXSourcesBuildPhase;
			buildActionMask = 2147483647;
			files = (
				5910B3982C135CBB00308F26 /* HJNativeAd.m in Sources */,
				59690BB62C06ECD00029F408 /* HJAdsSdkInterstitial.m in Sources */,
				59690BB82C06ECD00029F408 /* HJAdsRequest.m in Sources */,
				5910B3952C13471700308F26 /* HJNativeAdView.m in Sources */,
				59690BBB2C06ECD00029F408 /* HJAdDto.m in Sources */,
				59690BB72C06ECD00029F408 /* HuijingAdPreviously.m in Sources */,
				59690BB52C06ECD00029F408 /* HJAdsSdkSplash.m in Sources */,
				59690BBA2C06ECD00029F408 /* HJAdsSdkReward.m in Sources */,
				5910B39F2C13811B00308F26 /* HJBannerView.m in Sources */,
				59690BB42C06ECD00029F408 /* HJAdsSdk.m in Sources */,
				59690BBC2C06ECD00029F408 /* HJStorage.m in Sources */,
				59690BB92C06ECD00029F408 /* HJAdSdkHttp.m in Sources */,
				5910B39B2C13702F00308F26 /* HJNativeAdsManager.m in Sources */,
			);
			runOnlyForDeploymentPostprocessing = 0;
		};
/* End PBXSourcesBuildPhase section */

/* Begin XCBuildConfiguration section */
		59690B942C06E9C70029F408 /* Debug */ = {
			isa = XCBuildConfiguration;
			buildSettings = {
				ALWAYS_SEARCH_USER_PATHS = NO;
				ASSETCATALOG_COMPILER_GENERATE_SWIFT_ASSET_SYMBOL_EXTENSIONS = YES;
				CLANG_ANALYZER_NONNULL = YES;
				CLANG_ANALYZER_NUMBER_OBJECT_CONVERSION = YES_AGGRESSIVE;
				CLANG_CXX_LANGUAGE_STANDARD = "gnu++20";
				CLANG_ENABLE_MODULES = YES;
				CLANG_ENABLE_OBJC_ARC = YES;
				CLANG_ENABLE_OBJC_WEAK = YES;
				CLANG_WARN_BLOCK_CAPTURE_AUTORELEASING = YES;
				CLANG_WARN_BOOL_CONVERSION = YES;
				CLANG_WARN_COMMA = YES;
				CLANG_WARN_CONSTANT_CONVERSION = YES;
				CLANG_WARN_DEPRECATED_OBJC_IMPLEMENTATIONS = YES;
				CLANG_WARN_DIRECT_OBJC_ISA_USAGE = YES_ERROR;
				CLANG_WARN_DOCUMENTATION_COMMENTS = YES;
				CLANG_WARN_EMPTY_BODY = YES;
				CLANG_WARN_ENUM_CONVERSION = YES;
				CLANG_WARN_INFINITE_RECURSION = YES;
				CLANG_WARN_INT_CONVERSION = YES;
				CLANG_WARN_NON_LITERAL_NULL_CONVERSION = YES;
				CLANG_WARN_OBJC_IMPLICIT_RETAIN_SELF = YES;
				CLANG_WARN_OBJC_LITERAL_CONVERSION = YES;
				CLANG_WARN_OBJC_ROOT_CLASS = YES_ERROR;
				CLANG_WARN_QUOTED_INCLUDE_IN_FRAMEWORK_HEADER = YES;
				CLANG_WARN_RANGE_LOOP_ANALYSIS = YES;
				CLANG_WARN_STRICT_PROTOTYPES = YES;
				CLANG_WARN_SUSPICIOUS_MOVE = YES;
				CLANG_WARN_UNGUARDED_AVAILABILITY = YES_AGGRESSIVE;
				CLANG_WARN_UNREACHABLE_CODE = YES;
				CLANG_WARN__DUPLICATE_METHOD_MATCH = YES;
				COPY_PHASE_STRIP = NO;
				DEBUG_INFORMATION_FORMAT = dwarf;
				ENABLE_STRICT_OBJC_MSGSEND = YES;
				ENABLE_TESTABILITY = YES;
				ENABLE_USER_SCRIPT_SANDBOXING = YES;
				GCC_C_LANGUAGE_STANDARD = gnu17;
				GCC_DYNAMIC_NO_PIC = NO;
				GCC_NO_COMMON_BLOCKS = YES;
				GCC_OPTIMIZATION_LEVEL = 0;
				GCC_PREPROCESSOR_DEFINITIONS = (
					"DEBUG=1",
					"$(inherited)",
				);
				GCC_WARN_64_TO_32_BIT_CONVERSION = YES;
				GCC_WARN_ABOUT_RETURN_TYPE = YES_ERROR;
				GCC_WARN_UNDECLARED_SELECTOR = YES;
				GCC_WARN_UNINITIALIZED_AUTOS = YES_AGGRESSIVE;
				GCC_WARN_UNUSED_FUNCTION = YES;
				GCC_WARN_UNUSED_VARIABLE = YES;
				IPHONEOS_DEPLOYMENT_TARGET = 10.0;
				LOCALIZATION_PREFERS_STRING_CATALOGS = YES;
				MTL_ENABLE_DEBUG_INFO = INCLUDE_SOURCE;
				MTL_FAST_MATH = YES;
				ONLY_ACTIVE_ARCH = YES;
				SDKROOT = iphoneos;
			};
			name = Debug;
		};
		59690B952C06E9C70029F408 /* Release */ = {
			isa = XCBuildConfiguration;
			buildSettings = {
				ALWAYS_SEARCH_USER_PATHS = NO;
				ASSETCATALOG_COMPILER_GENERATE_SWIFT_ASSET_SYMBOL_EXTENSIONS = YES;
				CLANG_ANALYZER_NONNULL = YES;
				CLANG_ANALYZER_NUMBER_OBJECT_CONVERSION = YES_AGGRESSIVE;
				CLANG_CXX_LANGUAGE_STANDARD = "gnu++20";
				CLANG_ENABLE_MODULES = YES;
				CLANG_ENABLE_OBJC_ARC = YES;
				CLANG_ENABLE_OBJC_WEAK = YES;
				CLANG_WARN_BLOCK_CAPTURE_AUTORELEASING = YES;
				CLANG_WARN_BOOL_CONVERSION = YES;
				CLANG_WARN_COMMA = YES;
				CLANG_WARN_CONSTANT_CONVERSION = YES;
				CLANG_WARN_DEPRECATED_OBJC_IMPLEMENTATIONS = YES;
				CLANG_WARN_DIRECT_OBJC_ISA_USAGE = YES_ERROR;
				CLANG_WARN_DOCUMENTATION_COMMENTS = YES;
				CLANG_WARN_EMPTY_BODY = YES;
				CLANG_WARN_ENUM_CONVERSION = YES;
				CLANG_WARN_INFINITE_RECURSION = YES;
				CLANG_WARN_INT_CONVERSION = YES;
				CLANG_WARN_NON_LITERAL_NULL_CONVERSION = YES;
				CLANG_WARN_OBJC_IMPLICIT_RETAIN_SELF = YES;
				CLANG_WARN_OBJC_LITERAL_CONVERSION = YES;
				CLANG_WARN_OBJC_ROOT_CLASS = YES_ERROR;
				CLANG_WARN_QUOTED_INCLUDE_IN_FRAMEWORK_HEADER = YES;
				CLANG_WARN_RANGE_LOOP_ANALYSIS = YES;
				CLANG_WARN_STRICT_PROTOTYPES = YES;
				CLANG_WARN_SUSPICIOUS_MOVE = YES;
				CLANG_WARN_UNGUARDED_AVAILABILITY = YES_AGGRESSIVE;
				CLANG_WARN_UNREACHABLE_CODE = YES;
				CLANG_WARN__DUPLICATE_METHOD_MATCH = YES;
				COPY_PHASE_STRIP = NO;
				DEBUG_INFORMATION_FORMAT = "dwarf-with-dsym";
				ENABLE_NS_ASSERTIONS = NO;
				ENABLE_STRICT_OBJC_MSGSEND = YES;
				ENABLE_USER_SCRIPT_SANDBOXING = YES;
				GCC_C_LANGUAGE_STANDARD = gnu17;
				GCC_NO_COMMON_BLOCKS = YES;
				GCC_WARN_64_TO_32_BIT_CONVERSION = YES;
				GCC_WARN_ABOUT_RETURN_TYPE = YES_ERROR;
				GCC_WARN_UNDECLARED_SELECTOR = YES;
				GCC_WARN_UNINITIALIZED_AUTOS = YES_AGGRESSIVE;
				GCC_WARN_UNUSED_FUNCTION = YES;
				GCC_WARN_UNUSED_VARIABLE = YES;
				IPHONEOS_DEPLOYMENT_TARGET = 10.0;
				LOCALIZATION_PREFERS_STRING_CATALOGS = YES;
				MTL_ENABLE_DEBUG_INFO = NO;
				MTL_FAST_MATH = YES;
				SDKROOT = iphoneos;
				VALIDATE_PRODUCT = YES;
			};
			name = Release;
		};
		59690B972C06E9C70029F408 /* Debug */ = {
			isa = XCBuildConfiguration;
			baseConfigurationReference = 7AD1A16F243283A4A03F5035 /* Pods-HJOpenAds.debug.xcconfig */;
			buildSettings = {
				CODE_SIGN_STYLE = Automatic;
				DEVELOPMENT_TEAM = J7CN5V87YV;
				HEADER_SEARCH_PATHS = (
					"$(inherited)",
					"$(SRCROOT)/HJOpenAds/sdk",
					"\"${PODS_ROOT}/Headers/Public\"",
					"\"${PODS_ROOT}/Headers/Public/ToBid-iOS\"",
				);
				OTHER_LDFLAGS = "-ObjC";
				PRODUCT_NAME = "$(TARGET_NAME)";
				SKIP_INSTALL = YES;
				TARGETED_DEVICE_FAMILY = "1,2";
			};
			name = Debug;
		};
		59690B982C06E9C70029F408 /* Release */ = {
			isa = XCBuildConfiguration;
			baseConfigurationReference = 93AB903277252A9F82283629 /* Pods-HJOpenAds.release.xcconfig */;
			buildSettings = {
				CODE_SIGN_STYLE = Automatic;
				DEVELOPMENT_TEAM = J7CN5V87YV;
				HEADER_SEARCH_PATHS = (
					"$(inherited)",
					"$(SRCROOT)/HJOpenAds/sdk",
					"\"${PODS_ROOT}/Headers/Public\"",
					"\"${PODS_ROOT}/Headers/Public/ToBid-iOS\"",
				);
				OTHER_LDFLAGS = "-ObjC";
				PRODUCT_NAME = "$(TARGET_NAME)";
				SKIP_INSTALL = YES;
				TARGETED_DEVICE_FAMILY = "1,2";
			};
			name = Release;
		};
/* End XCBuildConfiguration section */

/* Begin XCConfigurationList section */
		59690B882C06E9C70029F408 /* Build configuration list for PBXProject "HJOpenAds" */ = {
			isa = XCConfigurationList;
			buildConfigurations = (
				59690B942C06E9C70029F408 /* Debug */,
				59690B952C06E9C70029F408 /* Release */,
			);
			defaultConfigurationIsVisible = 0;
			defaultConfigurationName = Release;
		};
		59690B962C06E9C70029F408 /* Build configuration list for PBXNativeTarget "HJOpenAds" */ = {
			isa = XCConfigurationList;
			buildConfigurations = (
				59690B972C06E9C70029F408 /* Debug */,
				59690B982C06E9C70029F408 /* Release */,
			);
			defaultConfigurationIsVisible = 0;
			defaultConfigurationName = Release;
		};
/* End XCConfigurationList section */
	};
	rootObject = 59690B852C06E9C70029F408 /* Project object */;
}
